
Microsoft Visual Studio Solution File, Format Version 12.00
# Visual Studio Version 17
VisualStudioVersion = 17.0.31903.59
MinimumVisualStudioVersion = 10.0.40219.1
Project("{FAE04EC0-301F-11D3-BF4B-00C04F79EFBC}") = "UserManagementApp.API", "UserManagementApp.API\UserManagementApp.API.csproj", "{3278F1EC-4421-4996-9870-95E8183CA20E}"
EndProject
Project("{FAE04EC0-301F-11D3-BF4B-00C04F79EFBC}") = "UserManagementApp.Core", "UserManagementApp.Core\UserManagementApp.Core.csproj", "{76A99FD7-FF7F-4948-B208-E64A4F5260D7}"
EndProject
Project("{FAE04EC0-301F-11D3-BF4B-00C04F79EFBC}") = "UserManagementApp.Infrastructure", "UserManagementApp.Infrastructure\UserManagementApp.Infrastructure.csproj", "{00652302-897B-4F99-B34F-3A0CBBEA0E38}"
EndProject
Global
	GlobalSection(SolutionConfigurationPlatforms) = preSolution
		Debug|Any CPU = Debug|Any CPU
		Release|Any CPU = Release|Any CPU
	EndGlobalSection
	GlobalSection(SolutionProperties) = preSolution
		HideSolutionNode = FALSE
	EndGlobalSection
	GlobalSection(ProjectConfigurationPlatforms) = postSolution
		{3278F1EC-4421-4996-9870-95E8183CA20E}.Debug|Any CPU.ActiveCfg = Debug|Any CPU
		{3278F1EC-4421-4996-9870-95E8183CA20E}.Debug|Any CPU.Build.0 = Debug|Any CPU
		{3278F1EC-4421-4996-9870-95E8183CA20E}.Release|Any CPU.ActiveCfg = Release|Any CPU
		{3278F1EC-4421-4996-9870-95E8183CA20E}.Release|Any CPU.Build.0 = Release|Any CPU
		{76A99FD7-FF7F-4948-B208-E64A4F5260D7}.Debug|Any CPU.ActiveCfg = Debug|Any CPU
		{76A99FD7-FF7F-4948-B208-E64A4F5260D7}.Debug|Any CPU.Build.0 = Debug|Any CPU
		{76A99FD7-FF7F-4948-B208-E64A4F5260D7}.Release|Any CPU.ActiveCfg = Release|Any CPU
		{76A99FD7-FF7F-4948-B208-E64A4F5260D7}.Release|Any CPU.Build.0 = Release|Any CPU
		{00652302-897B-4F99-B34F-3A0CBBEA0E38}.Debug|Any CPU.ActiveCfg = Debug|Any CPU
		{00652302-897B-4F99-B34F-3A0CBBEA0E38}.Debug|Any CPU.Build.0 = Debug|Any CPU
		{00652302-897B-4F99-B34F-3A0CBBEA0E38}.Release|Any CPU.ActiveCfg = Release|Any CPU
		{00652302-897B-4F99-B34F-3A0CBBEA0E38}.Release|Any CPU.Build.0 = Release|Any CPU
	EndGlobalSection
EndGlobal
